
Microsoft Visual Studio Solution File, Format Version 12.00
# Visual Studio Version 16
VisualStudioVersion = 16.0.31205.134
MinimumVisualStudioVersion = 10.0.40219.1
Project("{9A19103F-16F7-4668-BE54-9A1E7A4F7556}") = "TrashHandling", "TrashHandling.csproj", "{388E80AF-2B5F-4860-A634-599A6555041A}"
EndProject
Global
	GlobalSection(SolutionConfigurationPlatforms) = preSolution
		Debug|Any CPU = Debug|Any CPU
		Release|Any CPU = Release|Any CPU
	EndGlobalSection
	GlobalSection(ProjectConfigurationPlatforms) = postSolution
		{388E80AF-2B5F-4860-A634-599A6555041A}.Debug|Any CPU.ActiveCfg = Debug|Any CPU
		{388E80AF-2B5F-4860-A634-599A6555041A}.Debug|Any CPU.Build.0 = Debug|Any CPU
		{388E80AF-2B5F-4860-A634-599A6555041A}.Release|Any CPU.ActiveCfg = Release|Any CPU
		{388E80AF-2B5F-4860-A634-599A6555041A}.Release|Any CPU.Build.0 = Release|Any CPU
	EndGlobalSection
	GlobalSection(SolutionProperties) = preSolution
		HideSolutionNode = FALSE
	EndGlobalSection
	GlobalSection(ExtensibilityGlobals) = postSolution
		SolutionGuid = {0D6981DD-24CF-4EF2-A145-3051BD4EA528}
	EndGlobalSection
EndGlobal
